PODS:
  - BetterSegmentedControl (0.5)
  - ForecastIO (2.1.1)

DEPENDENCIES:
  - BetterSegmentedControl (~> 0.5)
  - ForecastIO (from `https://github.com/sxg/ForecastIO.git`, branch `swift3`)

EXTERNAL SOURCES:
  ForecastIO:
    :branch: swift3
    :git: https://github.com/sxg/ForecastIO.git

CHECKOUT OPTIONS:
  ForecastIO:
    :commit: edbace4cff823f372409f279f0301e82907fb98e
    :git: https://github.com/sxg/ForecastIO.git

SPEC CHECKSUMS:
  BetterSegmentedControl: db74c56602e418e9eca8f6340e0ed0a7215f5f7c
  ForecastIO: a195c8ec7bd3f23ed856fce1bbf2f141abc45dc8

PODFILE CHECKSUM: e519790a9ca643a3419be231664752889d9ac5b0

COCOAPODS: 1.0.0
