PODS:
  - BetterSegmentedControl (0.7)
  - BubbleTransition (2.0.1)
  - ForecastIO (2.1.1)
  - GoogleMaps/Base (2.1.1)
  - GooglePlaces (2.1.1):
    - GoogleMaps/Base (= 2.1.1)

DEPENDENCIES:
  - BetterSegmentedControl (~> 0.5)
  - BubbleTransition (~> 2.0.0)
  - ForecastIO (from `https://github.com/sxg/ForecastIO.git`, branch `swift3`)
  - GooglePlaces

EXTERNAL SOURCES:
  ForecastIO:
    :branch: swift3
    :git: https://github.com/sxg/ForecastIO.git

CHECKOUT OPTIONS:
  ForecastIO:
    :commit: edbace4cff823f372409f279f0301e82907fb98e
    :git: https://github.com/sxg/ForecastIO.git

SPEC CHECKSUMS:
  BetterSegmentedControl: 0b4dde1caac22de345820858a5e2789132378c1c
  BubbleTransition: bb24ed389ab672eecf3c87170d0a73f959a8e696
  ForecastIO: a195c8ec7bd3f23ed856fce1bbf2f141abc45dc8
  GoogleMaps: a5b5bbe47734e2443bde781a6aa64e69fdb6d785
  GooglePlaces: 35636d86e5020cba3856eb988c09a5491de0a65a

PODFILE CHECKSUM: 75c4987c76384e699c8da28aa9560040c7b85ac1

COCOAPODS: 1.0.0
